
Microsoft Visual Studio Solution File, Format Version 12.00
# Visual Studio Version 17
VisualStudioVersion = 17.7.34302.85
MinimumVisualStudioVersion = 10.0.40219.1
Project("{FAE04EC0-301F-11D3-BF4B-00C04F79EFBC}") = "MonografiasIfma", "MonografiasIfma.csproj", "{048E4BA4-0C89-4B56-95C4-5D30F3BBDFCF}"
EndProject
Global
	GlobalSection(SolutionConfigurationPlatforms) = preSolution
		Debug|Any CPU = Debug|Any CPU
		Release|Any CPU = Release|Any CPU
	EndGlobalSection
	GlobalSection(ProjectConfigurationPlatforms) = postSolution
		{048E4BA4-0C89-4B56-95C4-5D30F3BBDFCF}.Debug|Any CPU.ActiveCfg = Debug|Any CPU
		{048E4BA4-0C89-4B56-95C4-5D30F3BBDFCF}.Debug|Any CPU.Build.0 = Debug|Any CPU
		{048E4BA4-0C89-4B56-95C4-5D30F3BBDFCF}.Release|Any CPU.ActiveCfg = Release|Any CPU
		{048E4BA4-0C89-4B56-95C4-5D30F3BBDFCF}.Release|Any CPU.Build.0 = Release|Any CPU
	EndGlobalSection
	GlobalSection(SolutionProperties) = preSolution
		HideSolutionNode = FALSE
	EndGlobalSection
	GlobalSection(ExtensibilityGlobals) = postSolution
		SolutionGuid = {AA47FA30-8CDB-4AA1-AE64-1502FE3E7C7E}
	EndGlobalSection
EndGlobal
